{
  "name": "MRPanel",
  "version": "4.7.1",
  "lockfileVersion": 1,
  "requires": true,
  "dependencies": {
    "admin-lte-css-only": {
      "version": "3.0.5",
      "resolved": "https://registry.npmjs.org/admin-lte-css-only/-/admin-lte-css-only-3.0.5.tgz",
      "integrity": "sha512-Z58k4Tli3lH4Jc8Agew9r6cf3s1aT4XoW7OKnSqHsBiD5twlh4jj8dAk29wvrRnwo42leFpVA6w/FPUQTMsZWw=="
    }
  }
}
